
Microsoft Visual Studio Solution File, Format Version 12.00
# Visual Studio Version 17
VisualStudioVersion = 17.0.31903.59
MinimumVisualStudioVersion = 10.0.40219.1
Project("{FAE04EC0-301F-11D3-BF4B-00C04F79EFBC}") = "Tech-Store", "Tech-Store\Tech-Store.csproj", "{162916F3-3D3C-4F5C-A514-6D140C733F85}"
EndProject
Global
	GlobalSection(SolutionConfigurationPlatforms) = preSolution
		Debug|Any CPU = Debug|Any CPU
		Release|Any CPU = Release|Any CPU
	EndGlobalSection
	GlobalSection(SolutionProperties) = preSolution
		HideSolutionNode = FALSE
	EndGlobalSection
	GlobalSection(ProjectConfigurationPlatforms) = postSolution
		{162916F3-3D3C-4F5C-A514-6D140C733F85}.Debug|Any CPU.ActiveCfg = Debug|Any CPU
		{162916F3-3D3C-4F5C-A514-6D140C733F85}.Debug|Any CPU.Build.0 = Debug|Any CPU
		{162916F3-3D3C-4F5C-A514-6D140C733F85}.Release|Any CPU.ActiveCfg = Release|Any CPU
		{162916F3-3D3C-4F5C-A514-6D140C733F85}.Release|Any CPU.Build.0 = Release|Any CPU
	EndGlobalSection
EndGlobal
