
Microsoft Visual Studio Solution File, Format Version 12.00
# Visual Studio Version 17
VisualStudioVersion = 17.5.002.0
MinimumVisualStudioVersion = 10.0.40219.1
Project("{9A19103F-16F7-4668-BE54-9A1E7A4F7556}") = "Tech-Store", "Tech-Store.csproj", "{798BA0E6-648D-4822-9583-427392F07F62}"
EndProject
Global
	GlobalSection(SolutionConfigurationPlatforms) = preSolution
		Debug|Any CPU = Debug|Any CPU
		Release|Any CPU = Release|Any CPU
	EndGlobalSection
	GlobalSection(ProjectConfigurationPlatforms) = postSolution
		{798BA0E6-648D-4822-9583-427392F07F62}.Debug|Any CPU.ActiveCfg = Debug|Any CPU
		{798BA0E6-648D-4822-9583-427392F07F62}.Debug|Any CPU.Build.0 = Debug|Any CPU
		{798BA0E6-648D-4822-9583-427392F07F62}.Release|Any CPU.ActiveCfg = Release|Any CPU
		{798BA0E6-648D-4822-9583-427392F07F62}.Release|Any CPU.Build.0 = Release|Any CPU
	EndGlobalSection
	GlobalSection(SolutionProperties) = preSolution
		HideSolutionNode = FALSE
	EndGlobalSection
	GlobalSection(ExtensibilityGlobals) = postSolution
		SolutionGuid = {816A04F3-D09D-4355-8A9A-C7BF29004773}
	EndGlobalSection
EndGlobal
